
Microsoft Visual Studio Solution File, Format Version 12.00
# Visual Studio Version 17
VisualStudioVersion = 17.9.34728.123
MinimumVisualStudioVersion = 10.0.40219.1
Project("{2150E333-8FDC-42A3-9474-1A3956D46DE8}") = "Services", "Services", "{37C855D6-4BA9-45E1-81E0-2D042BAE8D89}"
EndProject
Project("{2150E333-8FDC-42A3-9474-1A3956D46DE8}") = "Catalog", "Catalog", "{D6C217F6-1195-4A9E-9574-0AF2DDB221B2}"
EndProject
Project("{9A19103F-16F7-4668-BE54-9A1E7A4F7556}") = "Catalog.API", "Services\Catalog\Catalog.API\Catalog.API.csproj", "{5D26284B-C877-45CF-B3AC-5103182B35BC}"
EndProject
Project("{9A19103F-16F7-4668-BE54-9A1E7A4F7556}") = "Catalog.Application", "Services\Catalog\Catalog.Application\Catalog.Application.csproj", "{25A95607-D340-4124-BB85-4ACBD3049B4E}"
EndProject
Project("{9A19103F-16F7-4668-BE54-9A1E7A4F7556}") = "Catalog.Core", "Services\Catalog\Catalog.Core\Catalog.Core.csproj", "{5E6CA779-79AA-4788-8E42-BE9946951202}"
EndProject
Project("{9A19103F-16F7-4668-BE54-9A1E7A4F7556}") = "Catalog.Infrastructure", "Services\Catalog\Catalog.Infrastructure\Catalog.Infrastructure.csproj", "{66716A06-3C2A-4D91-836F-08E2C905092B}"
EndProject
Project("{E53339B2-1760-4266-BCC7-CA923CBCF16C}") = "docker-compose", "docker-compose.dcproj", "{23D8458D-FB77-4A06-A255-9CC7D90BF309}"
EndProject
Project("{2150E333-8FDC-42A3-9474-1A3956D46DE8}") = "Basket", "Basket", "{34CB35CA-A1AA-40C1-80CA-4A29E0B37B20}"
EndProject
Project("{9A19103F-16F7-4668-BE54-9A1E7A4F7556}") = "Basket.Application", "Services\Basket\Basket.Application\Basket.Application.csproj", "{A7002E77-12AC-4C83-B171-2B346C75480D}"
EndProject
Project("{9A19103F-16F7-4668-BE54-9A1E7A4F7556}") = "Basket.Infrastructure", "Services\Basket\Basket.Infrastructure\Basket.Infrastructure.csproj", "{B53B37CA-1D4F-41D0-A85C-04593ADD0E95}"
EndProject
Project("{9A19103F-16F7-4668-BE54-9A1E7A4F7556}") = "Basket.Core", "Services\Basket\Basket.Core\Basket.Core.csproj", "{6632D173-15F3-4063-B771-C0A7329D4651}"
EndProject
Project("{9A19103F-16F7-4668-BE54-9A1E7A4F7556}") = "Basket.API", "Services\Basket\Basket.API\Basket.API.csproj", "{BF4CD24A-06D0-4C07-BB45-95A056D20D82}"
EndProject
Project("{2150E333-8FDC-42A3-9474-1A3956D46DE8}") = "Discount", "Discount", "{C64EC540-1E98-4353-84F2-D930B005DE72}"
EndProject
Project("{9A19103F-16F7-4668-BE54-9A1E7A4F7556}") = "Discount.API", "Services\Discount\Discount.API\Discount.API.csproj", "{01547719-5458-4CD8-AFC5-7D453112B25E}"
EndProject
Project("{9A19103F-16F7-4668-BE54-9A1E7A4F7556}") = "Discount.Core", "Services\Discount\Discount.Core\Discount.Core.csproj", "{1AF8A8D2-8388-4C74-8F30-10B8ECE7918A}"
EndProject
Project("{9A19103F-16F7-4668-BE54-9A1E7A4F7556}") = "Discount.Application", "Services\Discount\Discount.Application\Discount.Application.csproj", "{D6B62BE4-D5A0-417F-93B1-D796E95E3690}"
EndProject
Project("{9A19103F-16F7-4668-BE54-9A1E7A4F7556}") = "Discount.Infrastructure", "Services\Discount\Discount.Infrastructure\Discount.Infrastructure.csproj", "{3F2D330D-6687-49DE-A90B-93298DE17985}"
EndProject
Project("{2150E333-8FDC-42A3-9474-1A3956D46DE8}") = "Ordering", "Ordering", "{8F49A773-D0CB-4A87-9DA2-BD2A7CCA3595}"
EndProject
Project("{FAE04EC0-301F-11D3-BF4B-00C04F79EFBC}") = "Ordering.API", "Services\Ordering\Ordering.API\Ordering.API.csproj", "{465F3C9B-2999-42A4-BD1D-7F4A6A18734A}"
EndProject
Project("{FAE04EC0-301F-11D3-BF4B-00C04F79EFBC}") = "Ordering.Core", "Services\Ordering\Ordering.Core\Ordering.Core.csproj", "{73BE0D16-2C0B-442C-B50C-0D40B654F48A}"
EndProject
Project("{FAE04EC0-301F-11D3-BF4B-00C04F79EFBC}") = "Ordering.Infrastructure", "Services\Ordering\Ordering.Infrastructure\Ordering.Infrastructure.csproj", "{789B070C-580F-47A5-A537-631D2B4BE857}"
EndProject
Project("{FAE04EC0-301F-11D3-BF4B-00C04F79EFBC}") = "Ordering.Application", "Services\Ordering\Ordering.Application\Ordering.Application.csproj", "{C2703EF1-7CB0-48AC-946F-AACCBBE5C0DC}"
EndProject
Project("{2150E333-8FDC-42A3-9474-1A3956D46DE8}") = "Infrastructure", "Infrastructure", "{D44DB2C5-4CF3-4B05-8A1D-D21676CF3958}"
EndProject
Project("{FAE04EC0-301F-11D3-BF4B-00C04F79EFBC}") = "EventBus.Messages", "Infrastructure\EventBus.Messages\EventBus.Messages.csproj", "{08195FA9-F3BC-4C6E-BFAA-531AE75CF60A}"
EndProject
Project("{2150E333-8FDC-42A3-9474-1A3956D46DE8}") = "APIGateways", "APIGateways", "{28C19241-769E-4355-8D4B-FACC21978821}"
EndProject
Project("{FAE04EC0-301F-11D3-BF4B-00C04F79EFBC}") = "Ocelot.ApiGateway", "APIGateways\Ocelot.ApiGateway\Ocelot.ApiGateway.csproj", "{F5092A17-D4DA-4261-9B2C-5F3B3283F88E}"
EndProject
Global
	GlobalSection(SolutionConfigurationPlatforms) = preSolution
		Debug|Any CPU = Debug|Any CPU
		Release|Any CPU = Release|Any CPU
	EndGlobalSection
	GlobalSection(ProjectConfigurationPlatforms) = postSolution
		{5D26284B-C877-45CF-B3AC-5103182B35BC}.Debug|Any CPU.ActiveCfg = Debug|Any CPU
		{5D26284B-C877-45CF-B3AC-5103182B35BC}.Debug|Any CPU.Build.0 = Debug|Any CPU
		{5D26284B-C877-45CF-B3AC-5103182B35BC}.Release|Any CPU.ActiveCfg = Release|Any CPU
		{5D26284B-C877-45CF-B3AC-5103182B35BC}.Release|Any CPU.Build.0 = Release|Any CPU
		{25A95607-D340-4124-BB85-4ACBD3049B4E}.Debug|Any CPU.ActiveCfg = Debug|Any CPU
		{25A95607-D340-4124-BB85-4ACBD3049B4E}.Debug|Any CPU.Build.0 = Debug|Any CPU
		{25A95607-D340-4124-BB85-4ACBD3049B4E}.Release|Any CPU.ActiveCfg = Release|Any CPU
		{25A95607-D340-4124-BB85-4ACBD3049B4E}.Release|Any CPU.Build.0 = Release|Any CPU
		{5E6CA779-79AA-4788-8E42-BE9946951202}.Debug|Any CPU.ActiveCfg = Debug|Any CPU
		{5E6CA779-79AA-4788-8E42-BE9946951202}.Debug|Any CPU.Build.0 = Debug|Any CPU
		{5E6CA779-79AA-4788-8E42-BE9946951202}.Release|Any CPU.ActiveCfg = Release|Any CPU
		{5E6CA779-79AA-4788-8E42-BE9946951202}.Release|Any CPU.Build.0 = Release|Any CPU
		{66716A06-3C2A-4D91-836F-08E2C905092B}.Debug|Any CPU.ActiveCfg = Debug|Any CPU
		{66716A06-3C2A-4D91-836F-08E2C905092B}.Debug|Any CPU.Build.0 = Debug|Any CPU
		{66716A06-3C2A-4D91-836F-08E2C905092B}.Release|Any CPU.ActiveCfg = Release|Any CPU
		{66716A06-3C2A-4D91-836F-08E2C905092B}.Release|Any CPU.Build.0 = Release|Any CPU
		{23D8458D-FB77-4A06-A255-9CC7D90BF309}.Debug|Any CPU.ActiveCfg = Debug|Any CPU
		{23D8458D-FB77-4A06-A255-9CC7D90BF309}.Debug|Any CPU.Build.0 = Debug|Any CPU
		{23D8458D-FB77-4A06-A255-9CC7D90BF309}.Release|Any CPU.ActiveCfg = Release|Any CPU
		{23D8458D-FB77-4A06-A255-9CC7D90BF309}.Release|Any CPU.Build.0 = Release|Any CPU
		{A7002E77-12AC-4C83-B171-2B346C75480D}.Debug|Any CPU.ActiveCfg = Debug|Any CPU
		{A7002E77-12AC-4C83-B171-2B346C75480D}.Debug|Any CPU.Build.0 = Debug|Any CPU
		{A7002E77-12AC-4C83-B171-2B346C75480D}.Release|Any CPU.ActiveCfg = Release|Any CPU
		{A7002E77-12AC-4C83-B171-2B346C75480D}.Release|Any CPU.Build.0 = Release|Any CPU
		{B53B37CA-1D4F-41D0-A85C-04593ADD0E95}.Debug|Any CPU.ActiveCfg = Debug|Any CPU
		{B53B37CA-1D4F-41D0-A85C-04593ADD0E95}.Debug|Any CPU.Build.0 = Debug|Any CPU
		{B53B37CA-1D4F-41D0-A85C-04593ADD0E95}.Release|Any CPU.ActiveCfg = Release|Any CPU
		{B53B37CA-1D4F-41D0-A85C-04593ADD0E95}.Release|Any CPU.Build.0 = Release|Any CPU
		{6632D173-15F3-4063-B771-C0A7329D4651}.Debug|Any CPU.ActiveCfg = Debug|Any CPU
		{6632D173-15F3-4063-B771-C0A7329D4651}.Debug|Any CPU.Build.0 = Debug|Any CPU
		{6632D173-15F3-4063-B771-C0A7329D4651}.Release|Any CPU.ActiveCfg = Release|Any CPU
		{6632D173-15F3-4063-B771-C0A7329D4651}.Release|Any CPU.Build.0 = Release|Any CPU
		{BF4CD24A-06D0-4C07-BB45-95A056D20D82}.Debug|Any CPU.ActiveCfg = Debug|Any CPU
		{BF4CD24A-06D0-4C07-BB45-95A056D20D82}.Debug|Any CPU.Build.0 = Debug|Any CPU
		{BF4CD24A-06D0-4C07-BB45-95A056D20D82}.Release|Any CPU.ActiveCfg = Release|Any CPU
		{BF4CD24A-06D0-4C07-BB45-95A056D20D82}.Release|Any CPU.Build.0 = Release|Any CPU
		{01547719-5458-4CD8-AFC5-7D453112B25E}.Debug|Any CPU.ActiveCfg = Debug|Any CPU
		{01547719-5458-4CD8-AFC5-7D453112B25E}.Debug|Any CPU.Build.0 = Debug|Any CPU
		{01547719-5458-4CD8-AFC5-7D453112B25E}.Release|Any CPU.ActiveCfg = Release|Any CPU
		{01547719-5458-4CD8-AFC5-7D453112B25E}.Release|Any CPU.Build.0 = Release|Any CPU
		{1AF8A8D2-8388-4C74-8F30-10B8ECE7918A}.Debug|Any CPU.ActiveCfg = Debug|Any CPU
		{1AF8A8D2-8388-4C74-8F30-10B8ECE7918A}.Debug|Any CPU.Build.0 = Debug|Any CPU
		{1AF8A8D2-8388-4C74-8F30-10B8ECE7918A}.Release|Any CPU.ActiveCfg = Release|Any CPU
		{1AF8A8D2-8388-4C74-8F30-10B8ECE7918A}.Release|Any CPU.Build.0 = Release|Any CPU
		{D6B62BE4-D5A0-417F-93B1-D796E95E3690}.Debug|Any CPU.ActiveCfg = Debug|Any CPU
		{D6B62BE4-D5A0-417F-93B1-D796E95E3690}.Debug|Any CPU.Build.0 = Debug|Any CPU
		{D6B62BE4-D5A0-417F-93B1-D796E95E3690}.Release|Any CPU.ActiveCfg = Release|Any CPU
		{D6B62BE4-D5A0-417F-93B1-D796E95E3690}.Release|Any CPU.Build.0 = Release|Any CPU
		{3F2D330D-6687-49DE-A90B-93298DE17985}.Debug|Any CPU.ActiveCfg = Debug|Any CPU
		{3F2D330D-6687-49DE-A90B-93298DE17985}.Debug|Any CPU.Build.0 = Debug|Any CPU
		{3F2D330D-6687-49DE-A90B-93298DE17985}.Release|Any CPU.ActiveCfg = Release|Any CPU
		{3F2D330D-6687-49DE-A90B-93298DE17985}.Release|Any CPU.Build.0 = Release|Any CPU
		{465F3C9B-2999-42A4-BD1D-7F4A6A18734A}.Debug|Any CPU.ActiveCfg = Debug|Any CPU
		{465F3C9B-2999-42A4-BD1D-7F4A6A18734A}.Debug|Any CPU.Build.0 = Debug|Any CPU
		{465F3C9B-2999-42A4-BD1D-7F4A6A18734A}.Release|Any CPU.ActiveCfg = Release|Any CPU
		{465F3C9B-2999-42A4-BD1D-7F4A6A18734A}.Release|Any CPU.Build.0 = Release|Any CPU
		{73BE0D16-2C0B-442C-B50C-0D40B654F48A}.Debug|Any CPU.ActiveCfg = Debug|Any CPU
		{73BE0D16-2C0B-442C-B50C-0D40B654F48A}.Debug|Any CPU.Build.0 = Debug|Any CPU
		{73BE0D16-2C0B-442C-B50C-0D40B654F48A}.Release|Any CPU.ActiveCfg = Release|Any CPU
		{73BE0D16-2C0B-442C-B50C-0D40B654F48A}.Release|Any CPU.Build.0 = Release|Any CPU
		{789B070C-580F-47A5-A537-631D2B4BE857}.Debug|Any CPU.ActiveCfg = Debug|Any CPU
		{789B070C-580F-47A5-A537-631D2B4BE857}.Debug|Any CPU.Build.0 = Debug|Any CPU
		{789B070C-580F-47A5-A537-631D2B4BE857}.Release|Any CPU.ActiveCfg = Release|Any CPU
		{789B070C-580F-47A5-A537-631D2B4BE857}.Release|Any CPU.Build.0 = Release|Any CPU
		{C2703EF1-7CB0-48AC-946F-AACCBBE5C0DC}.Debug|Any CPU.ActiveCfg = Debug|Any CPU
		{C2703EF1-7CB0-48AC-946F-AACCBBE5C0DC}.Debug|Any CPU.Build.0 = Debug|Any CPU
		{C2703EF1-7CB0-48AC-946F-AACCBBE5C0DC}.Release|Any CPU.ActiveCfg = Release|Any CPU
		{C2703EF1-7CB0-48AC-946F-AACCBBE5C0DC}.Release|Any CPU.Build.0 = Release|Any CPU
		{08195FA9-F3BC-4C6E-BFAA-531AE75CF60A}.Debug|Any CPU.ActiveCfg = Debug|Any CPU
		{08195FA9-F3BC-4C6E-BFAA-531AE75CF60A}.Debug|Any CPU.Build.0 = Debug|Any CPU
		{08195FA9-F3BC-4C6E-BFAA-531AE75CF60A}.Release|Any CPU.ActiveCfg = Release|Any CPU
		{08195FA9-F3BC-4C6E-BFAA-531AE75CF60A}.Release|Any CPU.Build.0 = Release|Any CPU
		{F5092A17-D4DA-4261-9B2C-5F3B3283F88E}.Debug|Any CPU.ActiveCfg = Debug|Any CPU
		{F5092A17-D4DA-4261-9B2C-5F3B3283F88E}.Debug|Any CPU.Build.0 = Debug|Any CPU
		{F5092A17-D4DA-4261-9B2C-5F3B3283F88E}.Release|Any CPU.ActiveCfg = Release|Any CPU
		{F5092A17-D4DA-4261-9B2C-5F3B3283F88E}.Release|Any CPU.Build.0 = Release|Any CPU
	EndGlobalSection
	GlobalSection(SolutionProperties) = preSolution
		HideSolutionNode = FALSE
	EndGlobalSection
	GlobalSection(NestedProjects) = preSolution
		{D6C217F6-1195-4A9E-9574-0AF2DDB221B2} = {37C855D6-4BA9-45E1-81E0-2D042BAE8D89}
		{5D26284B-C877-45CF-B3AC-5103182B35BC} = {D6C217F6-1195-4A9E-9574-0AF2DDB221B2}
		{25A95607-D340-4124-BB85-4ACBD3049B4E} = {D6C217F6-1195-4A9E-9574-0AF2DDB221B2}
		{5E6CA779-79AA-4788-8E42-BE9946951202} = {D6C217F6-1195-4A9E-9574-0AF2DDB221B2}
		{66716A06-3C2A-4D91-836F-08E2C905092B} = {D6C217F6-1195-4A9E-9574-0AF2DDB221B2}
		{34CB35CA-A1AA-40C1-80CA-4A29E0B37B20} = {37C855D6-4BA9-45E1-81E0-2D042BAE8D89}
		{A7002E77-12AC-4C83-B171-2B346C75480D} = {34CB35CA-A1AA-40C1-80CA-4A29E0B37B20}
		{B53B37CA-1D4F-41D0-A85C-04593ADD0E95} = {34CB35CA-A1AA-40C1-80CA-4A29E0B37B20}
		{6632D173-15F3-4063-B771-C0A7329D4651} = {34CB35CA-A1AA-40C1-80CA-4A29E0B37B20}
		{BF4CD24A-06D0-4C07-BB45-95A056D20D82} = {34CB35CA-A1AA-40C1-80CA-4A29E0B37B20}
		{C64EC540-1E98-4353-84F2-D930B005DE72} = {37C855D6-4BA9-45E1-81E0-2D042BAE8D89}
		{01547719-5458-4CD8-AFC5-7D453112B25E} = {C64EC540-1E98-4353-84F2-D930B005DE72}
		{1AF8A8D2-8388-4C74-8F30-10B8ECE7918A} = {C64EC540-1E98-4353-84F2-D930B005DE72}
		{D6B62BE4-D5A0-417F-93B1-D796E95E3690} = {C64EC540-1E98-4353-84F2-D930B005DE72}
		{3F2D330D-6687-49DE-A90B-93298DE17985} = {C64EC540-1E98-4353-84F2-D930B005DE72}
		{8F49A773-D0CB-4A87-9DA2-BD2A7CCA3595} = {37C855D6-4BA9-45E1-81E0-2D042BAE8D89}
		{465F3C9B-2999-42A4-BD1D-7F4A6A18734A} = {8F49A773-D0CB-4A87-9DA2-BD2A7CCA3595}
		{73BE0D16-2C0B-442C-B50C-0D40B654F48A} = {8F49A773-D0CB-4A87-9DA2-BD2A7CCA3595}
		{789B070C-580F-47A5-A537-631D2B4BE857} = {8F49A773-D0CB-4A87-9DA2-BD2A7CCA3595}
		{C2703EF1-7CB0-48AC-946F-AACCBBE5C0DC} = {8F49A773-D0CB-4A87-9DA2-BD2A7CCA3595}
		{08195FA9-F3BC-4C6E-BFAA-531AE75CF60A} = {D44DB2C5-4CF3-4B05-8A1D-D21676CF3958}
		{F5092A17-D4DA-4261-9B2C-5F3B3283F88E} = {28C19241-769E-4355-8D4B-FACC21978821}
	EndGlobalSection
	GlobalSection(ExtensibilityGlobals) = postSolution
		SolutionGuid = {D88F9AAA-C614-4410-B824-D8249CAD4FFA}
	EndGlobalSection
EndGlobal
